
Microsoft Visual Studio Solution File, Format Version 12.00
# Visual Studio Version 17
VisualStudioVersion = 17.9.34616.47
MinimumVisualStudioVersion = 10.0.40219.1
Project("{FAE04EC0-301F-11D3-BF4B-00C04F79EFBC}") = "Ex_2", "Ex_2\Ex_2.csproj", "{45BE75BC-09B9-488C-A54C-4EA2AA1066BF}"
EndProject
Global
	GlobalSection(SolutionConfigurationPlatforms) = preSolution
		Debug|Any CPU = Debug|Any CPU
		Release|Any CPU = Release|Any CPU
	EndGlobalSection
	GlobalSection(ProjectConfigurationPlatforms) = postSolution
		{45BE75BC-09B9-488C-A54C-4EA2AA1066BF}.Debug|Any CPU.ActiveCfg = Debug|Any CPU
		{45BE75BC-09B9-488C-A54C-4EA2AA1066BF}.Debug|Any CPU.Build.0 = Debug|Any CPU
		{45BE75BC-09B9-488C-A54C-4EA2AA1066BF}.Release|Any CPU.ActiveCfg = Release|Any CPU
		{45BE75BC-09B9-488C-A54C-4EA2AA1066BF}.Release|Any CPU.Build.0 = Release|Any CPU
	EndGlobalSection
	GlobalSection(SolutionProperties) = preSolution
		HideSolutionNode = FALSE
	EndGlobalSection
	GlobalSection(ExtensibilityGlobals) = postSolution
		SolutionGuid = {09BEC984-3143-439F-8EE8-AE39BC25D354}
	EndGlobalSection
EndGlobal
